
Microsoft Visual Studio Solution File, Format Version 12.00
# Visual Studio Version 16
VisualStudioVersion = 16.0.30621.155
MinimumVisualStudioVersion = 10.0.40219.1
Project("{FAE04EC0-301F-11D3-BF4B-00C04F79EFBC}") = "FlightControlApp", "FlightControlApp\FlightControlApp.csproj", "{04F62F68-B41A-4C34-B6AA-8A6997A8CD0B}"
EndProject
Global
	GlobalSection(SolutionConfigurationPlatforms) = preSolution
		Debug|Any CPU = Debug|Any CPU
		Release|Any CPU = Release|Any CPU
	EndGlobalSection
	GlobalSection(ProjectConfigurationPlatforms) = postSolution
		{04F62F68-B41A-4C34-B6AA-8A6997A8CD0B}.Debug|Any CPU.ActiveCfg = Debug|Any CPU
		{04F62F68-B41A-4C34-B6AA-8A6997A8CD0B}.Debug|Any CPU.Build.0 = Debug|Any CPU
		{04F62F68-B41A-4C34-B6AA-8A6997A8CD0B}.Release|Any CPU.ActiveCfg = Release|Any CPU
		{04F62F68-B41A-4C34-B6AA-8A6997A8CD0B}.Release|Any CPU.Build.0 = Release|Any CPU
	EndGlobalSection
	GlobalSection(SolutionProperties) = preSolution
		HideSolutionNode = FALSE
	EndGlobalSection
	GlobalSection(ExtensibilityGlobals) = postSolution
		SolutionGuid = {FDA6AFEF-3004-4C43-8587-4103BCF8943D}
	EndGlobalSection
EndGlobal
