
Microsoft Visual Studio Solution File, Format Version 12.00
# Visual Studio Version 17
VisualStudioVersion = 17.0.31903.59
MinimumVisualStudioVersion = 10.0.40219.1
Project("{FAE04EC0-301F-11D3-BF4B-00C04F79EFBC}") = "Zadaca420212022", "Zadaca420212022\Zadaca420212022.csproj", "{6211CA3C-E4E7-410D-BB78-83EA345C9B73}"
EndProject
Global
	GlobalSection(SolutionConfigurationPlatforms) = preSolution
		Debug|Any CPU = Debug|Any CPU
		Release|Any CPU = Release|Any CPU
	EndGlobalSection
	GlobalSection(ProjectConfigurationPlatforms) = postSolution
		{6211CA3C-E4E7-410D-BB78-83EA345C9B73}.Debug|Any CPU.ActiveCfg = Debug|Any CPU
		{6211CA3C-E4E7-410D-BB78-83EA345C9B73}.Debug|Any CPU.Build.0 = Debug|Any CPU
		{6211CA3C-E4E7-410D-BB78-83EA345C9B73}.Release|Any CPU.ActiveCfg = Release|Any CPU
		{6211CA3C-E4E7-410D-BB78-83EA345C9B73}.Release|Any CPU.Build.0 = Release|Any CPU
	EndGlobalSection
	GlobalSection(SolutionProperties) = preSolution
		HideSolutionNode = FALSE
	EndGlobalSection
	GlobalSection(ExtensibilityGlobals) = postSolution
		SolutionGuid = {491C9691-3BE9-4990-815F-E7AB2EC64233}
	EndGlobalSection
EndGlobal
