
Microsoft Visual Studio Solution File, Format Version 12.00
# Visual Studio Version 17
VisualStudioVersion = 17.0.31612.314
MinimumVisualStudioVersion = 10.0.40219.1
Project("{FAE04EC0-301F-11D3-BF4B-00C04F79EFBC}") = "Cvjecara", "Cvjecara\Cvjecara.csproj", "{694E170A-7675-4C93-BB24-A450EAC9D960}"
EndProject
Global
	GlobalSection(SolutionConfigurationPlatforms) = preSolution
		Debug|Any CPU = Debug|Any CPU
		Release|Any CPU = Release|Any CPU
	EndGlobalSection
	GlobalSection(ProjectConfigurationPlatforms) = postSolution
		{694E170A-7675-4C93-BB24-A450EAC9D960}.Debug|Any CPU.ActiveCfg = Debug|Any CPU
		{694E170A-7675-4C93-BB24-A450EAC9D960}.Debug|Any CPU.Build.0 = Debug|Any CPU
		{694E170A-7675-4C93-BB24-A450EAC9D960}.Release|Any CPU.ActiveCfg = Release|Any CPU
		{694E170A-7675-4C93-BB24-A450EAC9D960}.Release|Any CPU.Build.0 = Release|Any CPU
	EndGlobalSection
	GlobalSection(SolutionProperties) = preSolution
		HideSolutionNode = FALSE
	EndGlobalSection
	GlobalSection(ExtensibilityGlobals) = postSolution
		SolutionGuid = {1E0F591F-B7CF-44A3-A23E-F675D3A09F00}
	EndGlobalSection
EndGlobal
