
Microsoft Visual Studio Solution File, Format Version 12.00
# Visual Studio Version 16
VisualStudioVersion = 16.0.31515.178
MinimumVisualStudioVersion = 10.0.40219.1
Project("{FAE04EC0-301F-11D3-BF4B-00C04F79EFBC}") = "MetrikeRefaktoringCodeTuning", "MetrikeRefaktoringCodeTuning\MetrikeRefaktoringCodeTuning.csproj", "{A002EEBE-CEC0-4398-B295-F41A6909BB41}"
EndProject
Global
	GlobalSection(SolutionConfigurationPlatforms) = preSolution
		Debug|Any CPU = Debug|Any CPU
		Release|Any CPU = Release|Any CPU
	EndGlobalSection
	GlobalSection(ProjectConfigurationPlatforms) = postSolution
		{A002EEBE-CEC0-4398-B295-F41A6909BB41}.Debug|Any CPU.ActiveCfg = Debug|Any CPU
		{A002EEBE-CEC0-4398-B295-F41A6909BB41}.Debug|Any CPU.Build.0 = Debug|Any CPU
		{A002EEBE-CEC0-4398-B295-F41A6909BB41}.Release|Any CPU.ActiveCfg = Release|Any CPU
		{A002EEBE-CEC0-4398-B295-F41A6909BB41}.Release|Any CPU.Build.0 = Release|Any CPU
	EndGlobalSection
	GlobalSection(SolutionProperties) = preSolution
		HideSolutionNode = FALSE
	EndGlobalSection
	GlobalSection(ExtensibilityGlobals) = postSolution
		SolutionGuid = {B480B022-C671-40D4-8762-C155CC51FF8C}
	EndGlobalSection
EndGlobal
